{
    "_readme": [
        "This file locks the dependencies of your project to a known state",
        "Read more about it at https://getcomposer.org/doc/01-basic-usage.md#composer-lock-the-lock-file",
        "This file is @generated automatically"
    ],
    "hash": "a124a0fc2a01a97f40a6b28b92c9ed76",
    "packages": [
        {
            "name": "mixpanel/mixpanel-php",
            "version": "2.6.2",
            "source": {
                "type": "git",
                "url": "https://github.com/mixpanel/mixpanel-php.git",
                "reference": "7031e213554436793e0927184f41be72dcd63eb6"
            },
            "dist": {
                "type": "zip",
                "url": "https://api.github.com/repos/mixpanel/mixpanel-php/zipball/7031e213554436793e0927184f41be72dcd63eb6",
                "reference": "7031e213554436793e0927184f41be72dcd63eb6",
                "shasum": ""
            },
            "require": {
                "php": ">=5.0"
            },
            "require-dev": {
                "phpdocumentor/phpdocumentor": "2.*",
                "phpunit/phpunit": "3.7.*"
            },
            "type": "library",
            "autoload": {
                "files": [
                    "lib/Mixpanel.php"
                ]
            },
            "notification-url": "https://packagist.org/downloads/",
            "license": [
                "MIT"
            ],
            "authors": [
                {
                    "name": "Mixpanel <dev@mixpanel.com>",
                    "homepage": "https://mixpanel.com/"
                }
            ],
            "description": "The Official PHP library for Mixpanel",
            "homepage": "https://mixpanel.com/help/reference/php",
            "keywords": [
                "mixpanel",
                "mixpanel php"
            ],
            "time": "2014-06-11 19:10:51"
        },
        {
            "name": "parse/php-sdk",
            "version": "1.1.4",
            "source": {
                "type": "git",
                "url": "https://github.com/ParsePlatform/parse-php-sdk.git",
                "reference": "3b1b267606ffe81d0c5edbbc25dba2d31279331e"
            },
            "dist": {
                "type": "zip",
                "url": "https://api.github.com/repos/ParsePlatform/parse-php-sdk/zipball/3b1b267606ffe81d0c5edbbc25dba2d31279331e",
                "reference": "3b1b267606ffe81d0c5edbbc25dba2d31279331e",
                "shasum": ""
            },
            "require": {
                "ext-curl": "*",
                "ext-json": "*",
                "php": ">=5.4.0"
            },
            "require-dev": {
                "phpdocumentor/phpdocumentor": "~2.5",
                "phpunit/phpunit": "~4.0",
                "squizlabs/php_codesniffer": "~1.5"
            },
            "type": "library",
            "extra": {
                "branch-alias": {
                    "dev-master": "1.1-dev"
                }
            },
            "autoload": {
                "psr-4": {
                    "Parse\\": "src/Parse/"
                }
            },
            "notification-url": "https://packagist.org/downloads/",
            "license": [
                "Parse Platform License"
            ],
            "authors": [
                {
                    "name": "Parse",
                    "homepage": "https://github.com/parseplatform/parse-php-sdk/contributors"
                }
            ],
            "description": "Parse PHP SDK",
            "homepage": "https://github.com/parseplatform/parse-php-sdk",
            "keywords": [
                "parse",
                "sdk"
            ],
            "time": "2015-06-16 22:46:01"
        },
        {
            "name": "stripe/stripe-php",
            "version": "v2.2.0",
            "source": {
                "type": "git",
                "url": "https://github.com/stripe/stripe-php.git",
                "reference": "c58a8b221a37ff8641ff88342c42681b37605a38"
            },
            "dist": {
                "type": "zip",
                "url": "https://api.github.com/repos/stripe/stripe-php/zipball/c58a8b221a37ff8641ff88342c42681b37605a38",
                "reference": "c58a8b221a37ff8641ff88342c42681b37605a38",
                "shasum": ""
            },
            "require": {
                "ext-curl": "*",
                "ext-json": "*",
                "ext-mbstring": "*",
                "php": ">=5.3.3"
            },
            "require-dev": {
                "phpunit/phpunit": "~4.0",
                "satooshi/php-coveralls": "~0.6.1",
                "squizlabs/php_codesniffer": "~2.0"
            },
            "type": "library",
            "extra": {
                "branch-alias": {
                    "dev-master": "2.0-dev"
                }
            },
            "autoload": {
                "psr-4": {
                    "Stripe\\": "lib/"
                }
            },
            "notification-url": "https://packagist.org/downloads/",
            "license": [
                "MIT"
            ],
            "authors": [
                {
                    "name": "Stripe and contributors",
                    "homepage": "https://github.com/stripe/stripe-php/contributors"
                }
            ],
            "description": "Stripe PHP Library",
            "homepage": "https://stripe.com/",
            "keywords": [
                "api",
                "payment processing",
                "stripe"
            ],
            "time": "2015-06-01 21:09:44"
        }
    ],
    "packages-dev": [],
    "aliases": [],
    "minimum-stability": "stable",
    "stability-flags": [],
    "prefer-stable": false,
    "prefer-lowest": false,
    "platform": [],
    "platform-dev": []
}
